
Microsoft Visual Studio Solution File, Format Version 12.00
# Visual Studio Version 16
VisualStudioVersion = 16.0.31613.86
MinimumVisualStudioVersion = 10.0.40219.1
Project("{9A19103F-16F7-4668-BE54-9A1E7A4F7556}") = "P01HelloSoftUni", "P01HelloSoftUni\P01HelloSoftUni.csproj", "{0B4CDFF4-8588-4A72-BD2C-4C0EA4F74498}"
EndProject
Project("{9A19103F-16F7-4668-BE54-9A1E7A4F7556}") = "P02Nums1To10", "P02Nums1To10\P02Nums1To10.csproj", "{16B79606-63AB-4890-ACDD-FFC8B3A5AA6C}"
EndProject
Project("{9A19103F-16F7-4668-BE54-9A1E7A4F7556}") = "P03SquareArea", "P03SquareArea\P03SquareArea.csproj", "{CABB2F70-E897-4DC0-BE63-57AEC9D3EC82}"
EndProject
Project("{9A19103F-16F7-4668-BE54-9A1E7A4F7556}") = "P04InchesToCentimeters", "P04InchesToCentimeters\P04InchesToCentimeters.csproj", "{35EEE1FE-1D97-4760-AB7A-D63D19A0092F}"
EndProject
Project("{9A19103F-16F7-4668-BE54-9A1E7A4F7556}") = "P05GreetingByName", "P05GreetingByName\P05GreetingByName.csproj", "{2773780A-F4E7-439F-837E-54BFB245099F}"
EndProject
Project("{9A19103F-16F7-4668-BE54-9A1E7A4F7556}") = "P06ConcatenateData", "P06ConcatenateData\P06ConcatenateData.csproj", "{8220482C-F10F-4A7B-9B47-81F651707E7E}"
EndProject
Project("{9A19103F-16F7-4668-BE54-9A1E7A4F7556}") = "P07ProjectsCreation", "P07ProjectsCreation\P07ProjectsCreation.csproj", "{24327675-8836-4810-84FE-1BBA32FDB737}"
EndProject
Project("{9A19103F-16F7-4668-BE54-9A1E7A4F7556}") = "P08PetShop", "P08PetShop\P08PetShop.csproj", "{1B91C43E-7F8F-40E8-A096-B5CB02CC5A71}"
EndProject
Project("{9A19103F-16F7-4668-BE54-9A1E7A4F7556}") = "P09YardGreening", "P09YardGreening\P09YardGreening.csproj", "{792C78BB-E31E-4A12-9731-840542DAAB91}"
EndProject
Global
	GlobalSection(SolutionConfigurationPlatforms) = preSolution
		Debug|Any CPU = Debug|Any CPU
		Release|Any CPU = Release|Any CPU
	EndGlobalSection
	GlobalSection(ProjectConfigurationPlatforms) = postSolution
		{0B4CDFF4-8588-4A72-BD2C-4C0EA4F74498}.Debug|Any CPU.ActiveCfg = Debug|Any CPU
		{0B4CDFF4-8588-4A72-BD2C-4C0EA4F74498}.Debug|Any CPU.Build.0 = Debug|Any CPU
		{0B4CDFF4-8588-4A72-BD2C-4C0EA4F74498}.Release|Any CPU.ActiveCfg = Release|Any CPU
		{0B4CDFF4-8588-4A72-BD2C-4C0EA4F74498}.Release|Any CPU.Build.0 = Release|Any CPU
		{16B79606-63AB-4890-ACDD-FFC8B3A5AA6C}.Debug|Any CPU.ActiveCfg = Debug|Any CPU
		{16B79606-63AB-4890-ACDD-FFC8B3A5AA6C}.Debug|Any CPU.Build.0 = Debug|Any CPU
		{16B79606-63AB-4890-ACDD-FFC8B3A5AA6C}.Release|Any CPU.ActiveCfg = Release|Any CPU
		{16B79606-63AB-4890-ACDD-FFC8B3A5AA6C}.Release|Any CPU.Build.0 = Release|Any CPU
		{CABB2F70-E897-4DC0-BE63-57AEC9D3EC82}.Debug|Any CPU.ActiveCfg = Debug|Any CPU
		{CABB2F70-E897-4DC0-BE63-57AEC9D3EC82}.Debug|Any CPU.Build.0 = Debug|Any CPU
		{CABB2F70-E897-4DC0-BE63-57AEC9D3EC82}.Release|Any CPU.ActiveCfg = Release|Any CPU
		{CABB2F70-E897-4DC0-BE63-57AEC9D3EC82}.Release|Any CPU.Build.0 = Release|Any CPU
		{35EEE1FE-1D97-4760-AB7A-D63D19A0092F}.Debug|Any CPU.ActiveCfg = Debug|Any CPU
		{35EEE1FE-1D97-4760-AB7A-D63D19A0092F}.Debug|Any CPU.Build.0 = Debug|Any CPU
		{35EEE1FE-1D97-4760-AB7A-D63D19A0092F}.Release|Any CPU.ActiveCfg = Release|Any CPU
		{35EEE1FE-1D97-4760-AB7A-D63D19A0092F}.Release|Any CPU.Build.0 = Release|Any CPU
		{2773780A-F4E7-439F-837E-54BFB245099F}.Debug|Any CPU.ActiveCfg = Debug|Any CPU
		{2773780A-F4E7-439F-837E-54BFB245099F}.Debug|Any CPU.Build.0 = Debug|Any CPU
		{2773780A-F4E7-439F-837E-54BFB245099F}.Release|Any CPU.ActiveCfg = Release|Any CPU
		{2773780A-F4E7-439F-837E-54BFB245099F}.Release|Any CPU.Build.0 = Release|Any CPU
		{8220482C-F10F-4A7B-9B47-81F651707E7E}.Debug|Any CPU.ActiveCfg = Debug|Any CPU
		{8220482C-F10F-4A7B-9B47-81F651707E7E}.Debug|Any CPU.Build.0 = Debug|Any CPU
		{8220482C-F10F-4A7B-9B47-81F651707E7E}.Release|Any CPU.ActiveCfg = Release|Any CPU
		{8220482C-F10F-4A7B-9B47-81F651707E7E}.Release|Any CPU.Build.0 = Release|Any CPU
		{24327675-8836-4810-84FE-1BBA32FDB737}.Debug|Any CPU.ActiveCfg = Debug|Any CPU
		{24327675-8836-4810-84FE-1BBA32FDB737}.Debug|Any CPU.Build.0 = Debug|Any CPU
		{24327675-8836-4810-84FE-1BBA32FDB737}.Release|Any CPU.ActiveCfg = Release|Any CPU
		{24327675-8836-4810-84FE-1BBA32FDB737}.Release|Any CPU.Build.0 = Release|Any CPU
		{1B91C43E-7F8F-40E8-A096-B5CB02CC5A71}.Debug|Any CPU.ActiveCfg = Debug|Any CPU
		{1B91C43E-7F8F-40E8-A096-B5CB02CC5A71}.Debug|Any CPU.Build.0 = Debug|Any CPU
		{1B91C43E-7F8F-40E8-A096-B5CB02CC5A71}.Release|Any CPU.ActiveCfg = Release|Any CPU
		{1B91C43E-7F8F-40E8-A096-B5CB02CC5A71}.Release|Any CPU.Build.0 = Release|Any CPU
		{792C78BB-E31E-4A12-9731-840542DAAB91}.Debug|Any CPU.ActiveCfg = Debug|Any CPU
		{792C78BB-E31E-4A12-9731-840542DAAB91}.Debug|Any CPU.Build.0 = Debug|Any CPU
		{792C78BB-E31E-4A12-9731-840542DAAB91}.Release|Any CPU.ActiveCfg = Release|Any CPU
		{792C78BB-E31E-4A12-9731-840542DAAB91}.Release|Any CPU.Build.0 = Release|Any CPU
	EndGlobalSection
	GlobalSection(SolutionProperties) = preSolution
		HideSolutionNode = FALSE
	EndGlobalSection
	GlobalSection(ExtensibilityGlobals) = postSolution
		SolutionGuid = {5E7E6022-299C-49DF-BED0-0C87BB6CCB0D}
	EndGlobalSection
EndGlobal
