
Microsoft Visual Studio Solution File, Format Version 12.00
# Visual Studio Version 16
VisualStudioVersion = 16.0.33801.447
MinimumVisualStudioVersion = 10.0.40219.1
Project("{9A19103F-16F7-4668-BE54-9A1E7A4F7556}") = "P01ExcellentResult", "P01ExcellentResult\P01ExcellentResult.csproj", "{C1438CCA-1E66-4A90-A0F8-78BD2222ED22}"
EndProject
Project("{9A19103F-16F7-4668-BE54-9A1E7A4F7556}") = "P02GreaterNumber", "P02GreaterNumber\P02GreaterNumber.csproj", "{A2AB802D-2227-4CFC-A65C-AC703D7EBCB5}"
EndProject
Project("{9A19103F-16F7-4668-BE54-9A1E7A4F7556}") = "P03EvenOrOdd", "P03EvenOrOdd\P03EvenOrOdd.csproj", "{063D8CF9-4DEA-40A7-86A3-F9D589F4F0CD}"
EndProject
Project("{9A19103F-16F7-4668-BE54-9A1E7A4F7556}") = "P04PasswordGuess", "P04PasswordGuess\P04PasswordGuess.csproj", "{20AFAA2F-CACC-4426-AE33-E7377DF7E6F4}"
EndProject
Global
	GlobalSection(SolutionConfigurationPlatforms) = preSolution
		Debug|Any CPU = Debug|Any CPU
		Release|Any CPU = Release|Any CPU
	EndGlobalSection
	GlobalSection(ProjectConfigurationPlatforms) = postSolution
		{C1438CCA-1E66-4A90-A0F8-78BD2222ED22}.Debug|Any CPU.ActiveCfg = Debug|Any CPU
		{C1438CCA-1E66-4A90-A0F8-78BD2222ED22}.Debug|Any CPU.Build.0 = Debug|Any CPU
		{C1438CCA-1E66-4A90-A0F8-78BD2222ED22}.Release|Any CPU.ActiveCfg = Release|Any CPU
		{C1438CCA-1E66-4A90-A0F8-78BD2222ED22}.Release|Any CPU.Build.0 = Release|Any CPU
		{A2AB802D-2227-4CFC-A65C-AC703D7EBCB5}.Debug|Any CPU.ActiveCfg = Debug|Any CPU
		{A2AB802D-2227-4CFC-A65C-AC703D7EBCB5}.Debug|Any CPU.Build.0 = Debug|Any CPU
		{A2AB802D-2227-4CFC-A65C-AC703D7EBCB5}.Release|Any CPU.ActiveCfg = Release|Any CPU
		{A2AB802D-2227-4CFC-A65C-AC703D7EBCB5}.Release|Any CPU.Build.0 = Release|Any CPU
		{063D8CF9-4DEA-40A7-86A3-F9D589F4F0CD}.Debug|Any CPU.ActiveCfg = Debug|Any CPU
		{063D8CF9-4DEA-40A7-86A3-F9D589F4F0CD}.Debug|Any CPU.Build.0 = Debug|Any CPU
		{063D8CF9-4DEA-40A7-86A3-F9D589F4F0CD}.Release|Any CPU.ActiveCfg = Release|Any CPU
		{063D8CF9-4DEA-40A7-86A3-F9D589F4F0CD}.Release|Any CPU.Build.0 = Release|Any CPU
		{20AFAA2F-CACC-4426-AE33-E7377DF7E6F4}.Debug|Any CPU.ActiveCfg = Debug|Any CPU
		{20AFAA2F-CACC-4426-AE33-E7377DF7E6F4}.Debug|Any CPU.Build.0 = Debug|Any CPU
		{20AFAA2F-CACC-4426-AE33-E7377DF7E6F4}.Release|Any CPU.ActiveCfg = Release|Any CPU
		{20AFAA2F-CACC-4426-AE33-E7377DF7E6F4}.Release|Any CPU.Build.0 = Release|Any CPU
	EndGlobalSection
	GlobalSection(SolutionProperties) = preSolution
		HideSolutionNode = FALSE
	EndGlobalSection
	GlobalSection(ExtensibilityGlobals) = postSolution
		SolutionGuid = {3CDB85E7-73E2-4FBB-9A1E-C15B0D4F3B1D}
	EndGlobalSection
EndGlobal
